// !$*UTF8*$!
{
	archiveVersion = 1;
	classes = {
	};
	objectVersion = 50;
	objects = {

/* Begin PBXBuildFile section */
		86FD6B1A277DAE56001A616D /* AppDelegate.swift in Sources */ = {isa = PBXBuildFile; fileRef = 86FD6B19277DAE56001A616D /* AppDelegate.swift */; };
		86FD6B1C277DAE56001A616D /* SceneDelegate.swift in Sources */ = {isa = PBXBuildFile; fileRef = 86FD6B1B277DAE56001A616D /* SceneDelegate.swift */; };
		86FD6B1E277DAE56001A616D /* ViewController.swift in Sources */ = {isa = PBXBuildFile; fileRef = 86FD6B1D277DAE56001A616D /* ViewController.swift */; };
		86FD6B21277DAE56001A616D /* Main.storyboard in Resources */ = {isa = PBXBuildFile; fileRef = 86FD6B1F277DAE56001A616D /* Main.storyboard */; };
		86FD6B23277DAE57001A616D /* Assets.xcassets in Resources */ = {isa = PBXBuildFile; fileRef = 86FD6B22277DAE57001A616D /* Assets.xcassets */; };
		86FD6B26277DAE57001A616D /* LaunchScreen.storyboard in Resources */ = {isa = PBXBuildFile; fileRef = 86FD6B24277DAE57001A616D /* LaunchScreen.storyboard */; };
		86FD6B32277DAEFF001A616D /* CollectionViewCell.swift in Sources */ = {isa = PBXBuildFile; fileRef = 86FD6B31277DAEFF001A616D /* CollectionViewCell.swift */; };
/* End PBXBuildFile section */

/* Begin PBXFileReference section */
		86FD6B16277DAE56001A616D /* CollectionView.app */ = {isa = PBXFileReference; explicitFileType = wrapper.application; includeInIndex = 0; path = CollectionView.app; sourceTree = BUILT_PRODUCTS_DIR; };
		86FD6B19277DAE56001A616D /* AppDelegate.swift */ = {isa = PBXFileReference; lastKnownFileType = sourcecode.swift; path = AppDelegate.swift; sourceTree = "<group>"; };
		86FD6B1B277DAE56001A616D /* SceneDelegate.swift */ = {isa = PBXFileReference; lastKnownFileType = sourcecode.swift; path = SceneDelegate.swift; sourceTree = "<group>"; };
		86FD6B1D277DAE56001A616D /* ViewController.swift */ = {isa = PBXFileReference; lastKnownFileType = sourcecode.swift; path = ViewController.swift; sourceTree = "<group>"; };
		86FD6B20277DAE56001A616D /* Base */ = {isa = PBXFileReference; lastKnownFileType = file.storyboard; name = Base; path = Base.lproj/Main.storyboard; sourceTree = "<group>"; };
		86FD6B22277DAE57001A616D /* Assets.xcassets */ = {isa = PBXFileReference; lastKnownFileType = folder.assetcatalog; path = Assets.xcassets; sourceTree = "<group>"; };
		86FD6B25277DAE57001A616D /* Base */ = {isa = PBXFileReference; lastKnownFileType = file.storyboard; name = Base; path = Base.lproj/LaunchScreen.storyboard; sourceTree = "<group>"; };
		86FD6B27277DAE57001A616D /* Info.plist */ = {isa = PBXFileReference; lastKnownFileType = text.plist.xml; path = Info.plist; sourceTree = "<group>"; };
		86FD6B31277DAEFF001A616D /* CollectionViewCell.swift */ = {isa = PBXFileReference; lastKnownFileType = sourcecode.swift; path = CollectionViewCell.swift; sourceTree = "<group>"; };
/* End PBXFileReference section */

/* Begin PBXFrameworksBuildPhase section */
		86FD6B13277DAE56001A616D /* Frameworks */ = {
			isa = PBXFrameworksBuildPhase;
			buildActionMask = 2147483647;
			files = (
			);
			runOnlyForDeploymentPostprocessing = 0;
		};
/* End PBXFrameworksBuildPhase section */

/* Begin PBXGroup section */
		86FD6B0D277DAE56001A616D = {
			isa = PBXGroup;
			children = (
				86FD6B18277DAE56001A616D /* CollectionView */,
				86FD6B17277DAE56001A616D /* Products */,
			);
			sourceTree = "<group>";
		};
		86FD6B17277DAE56001A616D /* Products */ = {
			isa = PBXGroup;
			children = (
				86FD6B16277DAE56001A616D /* CollectionView.app */,
			);
			name = Products;
			sourceTree = "<group>";
		};
		86FD6B18277DAE56001A616D /* CollectionView */ = {
			isa = PBXGroup;
			children = (
				86FD6B30277DAE7F001A616D /* Supporting files */,
				86FD6B2F277DAE78001A616D /* Controller */,
				86FD6B2E277DAE70001A616D /* View */,
				86FD6B2D277DAE6A001A616D /* Model */,
			);
			path = CollectionView;
			sourceTree = "<group>";
		};
		86FD6B2D277DAE6A001A616D /* Model */ = {
			isa = PBXGroup;
			children = (
			);
			path = Model;
			sourceTree = "<group>";
		};
		86FD6B2E277DAE70001A616D /* View */ = {
			isa = PBXGroup;
			children = (
				86FD6B1F277DAE56001A616D /* Main.storyboard */,
				86FD6B22277DAE57001A616D /* Assets.xcassets */,
				86FD6B24277DAE57001A616D /* LaunchScreen.storyboard */,
			);
			path = View;
			sourceTree = "<group>";
		};
		86FD6B2F277DAE78001A616D /* Controller */ = {
			isa = PBXGroup;
			children = (
				86FD6B19277DAE56001A616D /* AppDelegate.swift */,
				86FD6B1B277DAE56001A616D /* SceneDelegate.swift */,
				86FD6B1D277DAE56001A616D /* ViewController.swift */,
				86FD6B31277DAEFF001A616D /* CollectionViewCell.swift */,
			);
			path = Controller;
			sourceTree = "<group>";
		};
		86FD6B30277DAE7F001A616D /* Supporting files */ = {
			isa = PBXGroup;
			children = (
				86FD6B27277DAE57001A616D /* Info.plist */,
			);
			path = "Supporting files";
			sourceTree = "<group>";
		};
/* End PBXGroup section */

/* Begin PBXNativeTarget section */
		86FD6B15277DAE56001A616D /* CollectionView */ = {
			isa = PBXNativeTarget;
			buildConfigurationList = 86FD6B2A277DAE57001A616D /* Build configuration list for PBXNativeTarget "CollectionView" */;
			buildPhases = (
				86FD6B12277DAE56001A616D /* Sources */,
				86FD6B13277DAE56001A616D /* Frameworks */,
				86FD6B14277DAE56001A616D /* Resources */,
			);
			buildRules = (
			);
			dependencies = (
			);
			name = CollectionView;
			productName = CollectionView;
			productReference = 86FD6B16277DAE56001A616D /* CollectionView.app */;
			productType = "com.apple.product-type.application";
		};
/* End PBXNativeTarget section */

/* Begin PBXProject section */
		86FD6B0E277DAE56001A616D /* Project object */ = {
			isa = PBXProject;
			attributes = {
				LastSwiftUpdateCheck = 1170;
				LastUpgradeCheck = 1170;
				ORGANIZATIONNAME = vjec;
				TargetAttributes = {
					86FD6B15277DAE56001A616D = {
						CreatedOnToolsVersion = 11.7;
					};
				};
			};
			buildConfigurationList = 86FD6B11277DAE56001A616D /* Build configuration list for PBXProject "CollectionView" */;
			compatibilityVersion = "Xcode 9.3";
			developmentRegion = en;
			hasScannedForEncodings = 0;
			knownRegions = (
				en,
				Base,
			);
			mainGroup = 86FD6B0D277DAE56001A616D;
			productRefGroup = 86FD6B17277DAE56001A616D /* Products */;
			projectDirPath = "";
			projectRoot = "";
			targets = (
				86FD6B15277DAE56001A616D /* CollectionView */,
			);
		};
/* End PBXProject section */

/* Begin PBXResourcesBuildPhase section */
		86FD6B14277DAE56001A616D /* Resources */ = {
			isa = PBXResourcesBuildPhase;
			buildActionMask = 2147483647;
			files = (
				86FD6B26277DAE57001A616D /* LaunchScreen.storyboard in Resources */,
				86FD6B23277DAE57001A616D /* Assets.xcassets in Resources */,
				86FD6B21277DAE56001A616D /* Main.storyboard in Resources */,
			);
			runOnlyForDeploymentPostprocessing = 0;
		};
/* End PBXResourcesBuildPhase section */

/* Begin PBXSourcesBuildPhase section */
		86FD6B12277DAE56001A616D /* Sources */ = {
			isa = PBXSourcesBuildPhase;
			buildActionMask = 2147483647;
			files = (
				86FD6B1E277DAE56001A616D /* ViewController.swift in Sources */,
				86FD6B1A277DAE56001A616D /* AppDelegate.swift in Sources */,
				86FD6B32277DAEFF001A616D /* CollectionViewCell.swift in Sources */,
				86FD6B1C277DAE56001A616D /* SceneDelegate.swift in Sources */,
			);
			runOnlyForDeploymentPostprocessing = 0;
		};
/* End PBXSourcesBuildPhase section */

/* Begin PBXVariantGroup section */
		86FD6B1F277DAE56001A616D /* Main.storyboard */ = {
			isa = PBXVariantGroup;
			children = (
				86FD6B20277DAE56001A616D /* Base */,
			);
			name = Main.storyboard;
			sourceTree = "<group>";
		};
		86FD6B24277DAE57001A616D /* LaunchScreen.storyboard */ = {
			isa = PBXVariantGroup;
			children = (
				86FD6B25277DAE57001A616D /* Base */,
			);
			name = LaunchScreen.storyboard;
			sourceTree = "<group>";
		};
/* End PBXVariantGroup section */

/* Begin XCBuildConfiguration section */
		86FD6B28277DAE57001A616D /* Debug */ = {
			isa = XCBuildConfiguration;
			buildSettings = {
				ALWAYS_SEARCH_USER_PATHS = NO;
				CLANG_ANALYZER_NONNULL = YES;
				CLANG_ANALYZER_NUMBER_OBJECT_CONVERSION = YES_AGGRESSIVE;
				CLANG_CXX_LANGUAGE_STANDARD = "gnu++14";
				CLANG_CXX_LIBRARY = "libc++";
				CLANG_ENABLE_MODULES = YES;
				CLANG_ENABLE_OBJC_ARC = YES;
				CLANG_ENABLE_OBJC_WEAK = YES;
				CLANG_WARN_BLOCK_CAPTURE_AUTORELEASING = YES;
				CLANG_WARN_BOOL_CONVERSION = YES;
				CLANG_WARN_COMMA = YES;
				CLANG_WARN_CONSTANT_CONVERSION = YES;
				CLANG_WARN_DEPRECATED_OBJC_IMPLEMENTATIONS = YES;
				CLANG_WARN_DIRECT_OBJC_ISA_USAGE = YES_ERROR;
				CLANG_WARN_DOCUMENTATION_COMMENTS = YES;
				CLANG_WARN_EMPTY_BODY = YES;
				CLANG_WARN_ENUM_CONVERSION = YES;
				CLANG_WARN_INFINITE_RECURSION = YES;
				CLANG_WARN_INT_CONVERSION = YES;
				CLANG_WARN_NON_LITERAL_NULL_CONVERSION = YES;
				CLANG_WARN_OBJC_IMPLICIT_RETAIN_SELF = YES;
				CLANG_WARN_OBJC_LITERAL_CONVERSION = YES;
				CLANG_WARN_OBJC_ROOT_CLASS = YES_ERROR;
				CLANG_WARN_RANGE_LOOP_ANALYSIS = YES;
				CLANG_WARN_STRICT_PROTOTYPES = YES;
				CLANG_WARN_SUSPICIOUS_MOVE = YES;
				CLANG_WARN_UNGUARDED_AVAILABILITY = YES_AGGRESSIVE;
				CLANG_WARN_UNREACHABLE_CODE = YES;
				CLANG_WARN__DUPLICATE_METHOD_MATCH = YES;
				COPY_PHASE_STRIP = NO;
				DEBUG_INFORMATION_FORMAT = dwarf;
				ENABLE_STRICT_OBJC_MSGSEND = YES;
				ENABLE_TESTABILITY = YES;
				GCC_C_LANGUAGE_STANDARD = gnu11;
				GCC_DYNAMIC_NO_PIC = NO;
				GCC_NO_COMMON_BLOCKS = YES;
				GCC_OPTIMIZATION_LEVEL = 0;
				GCC_PREPROCESSOR_DEFINITIONS = (
					"DEBUG=1",
					"$(inherited)",
				);
				GCC_WARN_64_TO_32_BIT_CONVERSION = YES;
				GCC_WARN_ABOUT_RETURN_TYPE = YES_ERROR;
				GCC_WARN_UNDECLARED_SELECTOR = YES;
				GCC_WARN_UNINITIALIZED_AUTOS = YES_AGGRESSIVE;
				GCC_WARN_UNUSED_FUNCTION = YES;
				GCC_WARN_UNUSED_VARIABLE = YES;
				IPHONEOS_DEPLOYMENT_TARGET = 13.7;
				MTL_ENABLE_DEBUG_INFO = INCLUDE_SOURCE;
				MTL_FAST_MATH = YES;
				ONLY_ACTIVE_ARCH = YES;
				SDKROOT = iphoneos;
				SWIFT_ACTIVE_COMPILATION_CONDITIONS = DEBUG;
				SWIFT_OPTIMIZATION_LEVEL = "-Onone";
			};
			name = Debug;
		};
		86FD6B29277DAE57001A616D /* Release */ = {
			isa = XCBuildConfiguration;
			buildSettings = {
				ALWAYS_SEARCH_USER_PATHS = NO;
				CLANG_ANALYZER_NONNULL = YES;
				CLANG_ANALYZER_NUMBER_OBJECT_CONVERSION = YES_AGGRESSIVE;
				CLANG_CXX_LANGUAGE_STANDARD = "gnu++14";
				CLANG_CXX_LIBRARY = "libc++";
				CLANG_ENABLE_MODULES = YES;
				CLANG_ENABLE_OBJC_ARC = YES;
				CLANG_ENABLE_OBJC_WEAK = YES;
				CLANG_WARN_BLOCK_CAPTURE_AUTORELEASING = YES;
				CLANG_WARN_BOOL_CONVERSION = YES;
				CLANG_WARN_COMMA = YES;
				CLANG_WARN_CONSTANT_CONVERSION = YES;
				CLANG_WARN_DEPRECATED_OBJC_IMPLEMENTATIONS = YES;
				CLANG_WARN_DIRECT_OBJC_ISA_USAGE = YES_ERROR;
				CLANG_WARN_DOCUMENTATION_COMMENTS = YES;
				CLANG_WARN_EMPTY_BODY = YES;
				CLANG_WARN_ENUM_CONVERSION = YES;
				CLANG_WARN_INFINITE_RECURSION = YES;
				CLANG_WARN_INT_CONVERSION = YES;
				CLANG_WARN_NON_LITERAL_NULL_CONVERSION = YES;
				CLANG_WARN_OBJC_IMPLICIT_RETAIN_SELF = YES;
				CLANG_WARN_OBJC_LITERAL_CONVERSION = YES;
				CLANG_WARN_OBJC_ROOT_CLASS = YES_ERROR;
				CLANG_WARN_RANGE_LOOP_ANALYSIS = YES;
				CLANG_WARN_STRICT_PROTOTYPES = YES;
				CLANG_WARN_SUSPICIOUS_MOVE = YES;
				CLANG_WARN_UNGUARDED_AVAILABILITY = YES_AGGRESSIVE;
				CLANG_WARN_UNREACHABLE_CODE = YES;
				CLANG_WARN__DUPLICATE_METHOD_MATCH = YES;
				COPY_PHASE_STRIP = NO;
				DEBUG_INFORMATION_FORMAT = "dwarf-with-dsym";
				ENABLE_NS_ASSERTIONS = NO;
				ENABLE_STRICT_OBJC_MSGSEND = YES;
				GCC_C_LANGUAGE_STANDARD = gnu11;
				GCC_NO_COMMON_BLOCKS = YES;
				GCC_WARN_64_TO_32_BIT_CONVERSION = YES;
				GCC_WARN_ABOUT_RETURN_TYPE = YES_ERROR;
				GCC_WARN_UNDECLARED_SELECTOR = YES;
				GCC_WARN_UNINITIALIZED_AUTOS = YES_AGGRESSIVE;
				GCC_WARN_UNUSED_FUNCTION = YES;
				GCC_WARN_UNUSED_VARIABLE = YES;
				IPHONEOS_DEPLOYMENT_TARGET = 13.7;
				MTL_ENABLE_DEBUG_INFO = NO;
				MTL_FAST_MATH = YES;
				SDKROOT = iphoneos;
				SWIFT_COMPILATION_MODE = wholemodule;
				SWIFT_OPTIMIZATION_LEVEL = "-O";
				VALIDATE_PRODUCT = YES;
			};
			name = Release;
		};
		86FD6B2B277DAE57001A616D /* Debug */ = {
			isa = XCBuildConfiguration;
			buildSettings = {
				ASSETCATALOG_COMPILER_APPICON_NAME = AppIcon;
				CODE_SIGN_STYLE = Automatic;
				DEVELOPMENT_TEAM = 94CX9AUHLL;
				INFOPLIST_FILE = "CollectionView/Supporting files/Info.plist";
				LD_RUNPATH_SEARCH_PATHS = (
					"$(inherited)",
					"@executable_path/Frameworks",
				);
				PRODUCT_BUNDLE_IDENTIFIER = com..CollectionView;
				PRODUCT_NAME = "$(TARGET_NAME)";
				SWIFT_VERSION = 5.0;
				TARGETED_DEVICE_FAMILY = "1,2";
			};
			name = Debug;
		};
		86FD6B2C277DAE57001A616D /* Release */ = {
			isa = XCBuildConfiguration;
			buildSettings = {
				ASSETCATALOG_COMPILER_APPICON_NAME = AppIcon;
				CODE_SIGN_STYLE = Automatic;
				DEVELOPMENT_TEAM = 94CX9AUHLL;
				INFOPLIST_FILE = "CollectionView/Supporting files/Info.plist";
				LD_RUNPATH_SEARCH_PATHS = (
					"$(inherited)",
					"@executable_path/Frameworks",
				);
				PRODUCT_BUNDLE_IDENTIFIER = com..CollectionView;
				PRODUCT_NAME = "$(TARGET_NAME)";
				SWIFT_VERSION = 5.0;
				TARGETED_DEVICE_FAMILY = "1,2";
			};
			name = Release;
		};
/* End XCBuildConfiguration section */

/* Begin XCConfigurationList section */
		86FD6B11277DAE56001A616D /* Build configuration list for PBXProject "CollectionView" */ = {
			isa = XCConfigurationList;
			buildConfigurations = (
				86FD6B28277DAE57001A616D /* Debug */,
				86FD6B29277DAE57001A616D /* Release */,
			);
			defaultConfigurationIsVisible = 0;
			defaultConfigurationName = Release;
		};
		86FD6B2A277DAE57001A616D /* Build configuration list for PBXNativeTarget "CollectionView" */ = {
			isa = XCConfigurationList;
			buildConfigurations = (
				86FD6B2B277DAE57001A616D /* Debug */,
				86FD6B2C277DAE57001A616D /* Release */,
			);
			defaultConfigurationIsVisible = 0;
			defaultConfigurationName = Release;
		};
/* End XCConfigurationList section */
	};
	rootObject = 86FD6B0E277DAE56001A616D /* Project object */;
}
